
Microsoft Visual Studio Solution File, Format Version 12.00
# Visual Studio 15
VisualStudioVersion = 15.0.28010.0
MinimumVisualStudioVersion = 10.0.40219.1
Project("{FAE04EC0-301F-11D3-BF4B-00C04F79EFBC}") = "Cluster.Node", "Cluster.Node\Cluster.Node.csproj", "{C6747003-FB32-4043-B88B-183B95A79CF9}"
EndProject
Project("{FAE04EC0-301F-11D3-BF4B-00C04F79EFBC}") = "Cluster.Node.Provider.Redis", "Cluster.Node.Provider.Redis\Cluster.Node.Provider.Redis.csproj", "{59549FBA-6118-4DB2-9828-763CA2C16534}"
EndProject
Project("{FAE04EC0-301F-11D3-BF4B-00C04F79EFBC}") = "Cluster.Node.Wcf", "Cluster.Node.Wcf\Cluster.Node.Wcf.csproj", "{993B1575-A0B7-4D38-8ED4-19186D99DBC2}"
EndProject
Project("{FAE04EC0-301F-11D3-BF4B-00C04F79EFBC}") = "WCFClient", "WCFClient\WCFClient.csproj", "{855A1809-3458-44C7-B1D3-DB03FF2F5197}"
EndProject
Project("{FAE04EC0-301F-11D3-BF4B-00C04F79EFBC}") = "WCF.IBLL", "WCF.IBLL\WCF.IBLL.csproj", "{59123496-9DF4-4CC0-9239-0470EACD1CB0}"
EndProject
Project("{FAE04EC0-301F-11D3-BF4B-00C04F79EFBC}") = "WcfServerA", "WcfServer\WcfServerA.csproj", "{D9F308C2-2D6C-4D55-BEE3-3F71D056FE3D}"
EndProject
Project("{FAE04EC0-301F-11D3-BF4B-00C04F79EFBC}") = "WcfServerB", "WcfServerB\WcfServerB.csproj", "{C01DB720-16A2-486E-A293-7B157EBDD71A}"
EndProject
Global
	GlobalSection(SolutionConfigurationPlatforms) = preSolution
		Debug|Any CPU = Debug|Any CPU
		Release|Any CPU = Release|Any CPU
	EndGlobalSection
	GlobalSection(ProjectConfigurationPlatforms) = postSolution
		{C6747003-FB32-4043-B88B-183B95A79CF9}.Debug|Any CPU.ActiveCfg = Debug|Any CPU
		{C6747003-FB32-4043-B88B-183B95A79CF9}.Debug|Any CPU.Build.0 = Debug|Any CPU
		{C6747003-FB32-4043-B88B-183B95A79CF9}.Release|Any CPU.ActiveCfg = Release|Any CPU
		{C6747003-FB32-4043-B88B-183B95A79CF9}.Release|Any CPU.Build.0 = Release|Any CPU
		{59549FBA-6118-4DB2-9828-763CA2C16534}.Debug|Any CPU.ActiveCfg = Debug|Any CPU
		{59549FBA-6118-4DB2-9828-763CA2C16534}.Debug|Any CPU.Build.0 = Debug|Any CPU
		{59549FBA-6118-4DB2-9828-763CA2C16534}.Release|Any CPU.ActiveCfg = Release|Any CPU
		{59549FBA-6118-4DB2-9828-763CA2C16534}.Release|Any CPU.Build.0 = Release|Any CPU
		{993B1575-A0B7-4D38-8ED4-19186D99DBC2}.Debug|Any CPU.ActiveCfg = Debug|Any CPU
		{993B1575-A0B7-4D38-8ED4-19186D99DBC2}.Debug|Any CPU.Build.0 = Debug|Any CPU
		{993B1575-A0B7-4D38-8ED4-19186D99DBC2}.Release|Any CPU.ActiveCfg = Release|Any CPU
		{993B1575-A0B7-4D38-8ED4-19186D99DBC2}.Release|Any CPU.Build.0 = Release|Any CPU
		{855A1809-3458-44C7-B1D3-DB03FF2F5197}.Debug|Any CPU.ActiveCfg = Debug|Any CPU
		{855A1809-3458-44C7-B1D3-DB03FF2F5197}.Debug|Any CPU.Build.0 = Debug|Any CPU
		{855A1809-3458-44C7-B1D3-DB03FF2F5197}.Release|Any CPU.ActiveCfg = Release|Any CPU
		{855A1809-3458-44C7-B1D3-DB03FF2F5197}.Release|Any CPU.Build.0 = Release|Any CPU
		{59123496-9DF4-4CC0-9239-0470EACD1CB0}.Debug|Any CPU.ActiveCfg = Debug|Any CPU
		{59123496-9DF4-4CC0-9239-0470EACD1CB0}.Debug|Any CPU.Build.0 = Debug|Any CPU
		{59123496-9DF4-4CC0-9239-0470EACD1CB0}.Release|Any CPU.ActiveCfg = Release|Any CPU
		{59123496-9DF4-4CC0-9239-0470EACD1CB0}.Release|Any CPU.Build.0 = Release|Any CPU
		{D9F308C2-2D6C-4D55-BEE3-3F71D056FE3D}.Debug|Any CPU.ActiveCfg = Debug|Any CPU
		{D9F308C2-2D6C-4D55-BEE3-3F71D056FE3D}.Debug|Any CPU.Build.0 = Debug|Any CPU
		{D9F308C2-2D6C-4D55-BEE3-3F71D056FE3D}.Release|Any CPU.ActiveCfg = Release|Any CPU
		{D9F308C2-2D6C-4D55-BEE3-3F71D056FE3D}.Release|Any CPU.Build.0 = Release|Any CPU
		{C01DB720-16A2-486E-A293-7B157EBDD71A}.Debug|Any CPU.ActiveCfg = Debug|Any CPU
		{C01DB720-16A2-486E-A293-7B157EBDD71A}.Debug|Any CPU.Build.0 = Debug|Any CPU
		{C01DB720-16A2-486E-A293-7B157EBDD71A}.Release|Any CPU.ActiveCfg = Release|Any CPU
		{C01DB720-16A2-486E-A293-7B157EBDD71A}.Release|Any CPU.Build.0 = Release|Any CPU
	EndGlobalSection
	GlobalSection(SolutionProperties) = preSolution
		HideSolutionNode = FALSE
	EndGlobalSection
	GlobalSection(ExtensibilityGlobals) = postSolution
		SolutionGuid = {719E5A11-97C3-478B-8EEE-1179F03FD1F8}
	EndGlobalSection
EndGlobal
